
Microsoft Visual Studio Solution File, Format Version 12.00
# Visual Studio Version 17
VisualStudioVersion = 17.4.33122.133
MinimumVisualStudioVersion = 10.0.40219.1
Project("{9A19103F-16F7-4668-BE54-9A1E7A4F7556}") = "PBL", "PBL\PBL.csproj", "{C92EFE4C-592E-4857-A79D-574CD331EFCA}"
EndProject
Global
	GlobalSection(SolutionConfigurationPlatforms) = preSolution
		Debug|Any CPU = Debug|Any CPU
		Release|Any CPU = Release|Any CPU
	EndGlobalSection
	GlobalSection(ProjectConfigurationPlatforms) = postSolution
		{C92EFE4C-592E-4857-A79D-574CD331EFCA}.Debug|Any CPU.ActiveCfg = Debug|Any CPU
		{C92EFE4C-592E-4857-A79D-574CD331EFCA}.Debug|Any CPU.Build.0 = Debug|Any CPU
		{C92EFE4C-592E-4857-A79D-574CD331EFCA}.Release|Any CPU.ActiveCfg = Release|Any CPU
		{C92EFE4C-592E-4857-A79D-574CD331EFCA}.Release|Any CPU.Build.0 = Release|Any CPU
	EndGlobalSection
	GlobalSection(SolutionProperties) = preSolution
		HideSolutionNode = FALSE
	EndGlobalSection
	GlobalSection(ExtensibilityGlobals) = postSolution
		SolutionGuid = {36FE8D72-E6B0-4D4C-8F4B-7ACD76F6EB0C}
	EndGlobalSection
EndGlobal
